
Microsoft Visual Studio Solution File, Format Version 12.00
# Visual Studio Version 17
VisualStudioVersion = 17.3.32922.545
MinimumVisualStudioVersion = 10.0.40219.1
Project("{FAE04EC0-301F-11D3-BF4B-00C04F79EFBC}") = "ElementAtExample", "ElementAtExample\ElementAtExample.csproj", "{55CB1154-E63C-4CB6-9A79-6B5876CAB634}"
EndProject
Global
	GlobalSection(SolutionConfigurationPlatforms) = preSolution
		Debug|Any CPU = Debug|Any CPU
		Release|Any CPU = Release|Any CPU
	EndGlobalSection
	GlobalSection(ProjectConfigurationPlatforms) = postSolution
		{55CB1154-E63C-4CB6-9A79-6B5876CAB634}.Debug|Any CPU.ActiveCfg = Debug|Any CPU
		{55CB1154-E63C-4CB6-9A79-6B5876CAB634}.Debug|Any CPU.Build.0 = Debug|Any CPU
		{55CB1154-E63C-4CB6-9A79-6B5876CAB634}.Release|Any CPU.ActiveCfg = Release|Any CPU
		{55CB1154-E63C-4CB6-9A79-6B5876CAB634}.Release|Any CPU.Build.0 = Release|Any CPU
	EndGlobalSection
	GlobalSection(SolutionProperties) = preSolution
		HideSolutionNode = FALSE
	EndGlobalSection
	GlobalSection(ExtensibilityGlobals) = postSolution
		SolutionGuid = {305D8A13-41F2-451F-BF5B-3CC6C108D912}
	EndGlobalSection
EndGlobal
