
Microsoft Visual Studio Solution File, Format Version 12.00
# Visual Studio Version 17
VisualStudioVersion = 17.3.32922.545
MinimumVisualStudioVersion = 10.0.40219.1
Project("{FAE04EC0-301F-11D3-BF4B-00C04F79EFBC}") = "Unboxing", "Unboxing\Unboxing.csproj", "{7602C670-F136-4F43-A4C0-12CFFAED750B}"
EndProject
Global
	GlobalSection(SolutionConfigurationPlatforms) = preSolution
		Debug|Any CPU = Debug|Any CPU
		Release|Any CPU = Release|Any CPU
	EndGlobalSection
	GlobalSection(ProjectConfigurationPlatforms) = postSolution
		{7602C670-F136-4F43-A4C0-12CFFAED750B}.Debug|Any CPU.ActiveCfg = Debug|Any CPU
		{7602C670-F136-4F43-A4C0-12CFFAED750B}.Debug|Any CPU.Build.0 = Debug|Any CPU
		{7602C670-F136-4F43-A4C0-12CFFAED750B}.Release|Any CPU.ActiveCfg = Release|Any CPU
		{7602C670-F136-4F43-A4C0-12CFFAED750B}.Release|Any CPU.Build.0 = Release|Any CPU
	EndGlobalSection
	GlobalSection(SolutionProperties) = preSolution
		HideSolutionNode = FALSE
	EndGlobalSection
	GlobalSection(ExtensibilityGlobals) = postSolution
		SolutionGuid = {5F91802C-721C-4010-8BF3-02D8157CD957}
	EndGlobalSection
EndGlobal
