
Microsoft Visual Studio Solution File, Format Version 12.00
# Visual Studio Version 17
VisualStudioVersion = 17.3.32922.545
MinimumVisualStudioVersion = 10.0.40219.1
Project("{FAE04EC0-301F-11D3-BF4B-00C04F79EFBC}") = "MethodOverriding", "MethodOverriding\MethodOverriding.csproj", "{4B28185B-20B1-4790-B742-9F377B2EBC09}"
EndProject
Global
	GlobalSection(SolutionConfigurationPlatforms) = preSolution
		Debug|Any CPU = Debug|Any CPU
		Release|Any CPU = Release|Any CPU
	EndGlobalSection
	GlobalSection(ProjectConfigurationPlatforms) = postSolution
		{4B28185B-20B1-4790-B742-9F377B2EBC09}.Debug|Any CPU.ActiveCfg = Debug|Any CPU
		{4B28185B-20B1-4790-B742-9F377B2EBC09}.Debug|Any CPU.Build.0 = Debug|Any CPU
		{4B28185B-20B1-4790-B742-9F377B2EBC09}.Release|Any CPU.ActiveCfg = Release|Any CPU
		{4B28185B-20B1-4790-B742-9F377B2EBC09}.Release|Any CPU.Build.0 = Release|Any CPU
	EndGlobalSection
	GlobalSection(SolutionProperties) = preSolution
		HideSolutionNode = FALSE
	EndGlobalSection
	GlobalSection(ExtensibilityGlobals) = postSolution
		SolutionGuid = {14945B57-A7BE-4E1F-AAFA-FAEB18B60068}
	EndGlobalSection
EndGlobal
