
Microsoft Visual Studio Solution File, Format Version 12.00
# Visual Studio Version 17
VisualStudioVersion = 17.3.32922.545
MinimumVisualStudioVersion = 10.0.40219.1
Project("{FAE04EC0-301F-11D3-BF4B-00C04F79EFBC}") = "UsingAlias", "UsingAlias\UsingAlias.csproj", "{253CDB5E-B1A2-48B8-B0EF-C167EAB03B4E}"
EndProject
Global
	GlobalSection(SolutionConfigurationPlatforms) = preSolution
		Debug|Any CPU = Debug|Any CPU
		Release|Any CPU = Release|Any CPU
	EndGlobalSection
	GlobalSection(ProjectConfigurationPlatforms) = postSolution
		{253CDB5E-B1A2-48B8-B0EF-C167EAB03B4E}.Debug|Any CPU.ActiveCfg = Debug|Any CPU
		{253CDB5E-B1A2-48B8-B0EF-C167EAB03B4E}.Debug|Any CPU.Build.0 = Debug|Any CPU
		{253CDB5E-B1A2-48B8-B0EF-C167EAB03B4E}.Release|Any CPU.ActiveCfg = Release|Any CPU
		{253CDB5E-B1A2-48B8-B0EF-C167EAB03B4E}.Release|Any CPU.Build.0 = Release|Any CPU
	EndGlobalSection
	GlobalSection(SolutionProperties) = preSolution
		HideSolutionNode = FALSE
	EndGlobalSection
	GlobalSection(ExtensibilityGlobals) = postSolution
		SolutionGuid = {2F07B6DB-21BD-4392-8911-14D5FDB28C47}
	EndGlobalSection
EndGlobal
