
Microsoft Visual Studio Solution File, Format Version 12.00
# Visual Studio Version 17
VisualStudioVersion = 17.3.32922.545
MinimumVisualStudioVersion = 10.0.40219.1
Project("{FAE04EC0-301F-11D3-BF4B-00C04F79EFBC}") = "CreatingNamespaces", "CreatingNamespaces\CreatingNamespaces.csproj", "{9654DC46-76A9-444F-B482-3FC63D3705BD}"
EndProject
Global
	GlobalSection(SolutionConfigurationPlatforms) = preSolution
		Debug|Any CPU = Debug|Any CPU
		Release|Any CPU = Release|Any CPU
	EndGlobalSection
	GlobalSection(ProjectConfigurationPlatforms) = postSolution
		{9654DC46-76A9-444F-B482-3FC63D3705BD}.Debug|Any CPU.ActiveCfg = Debug|Any CPU
		{9654DC46-76A9-444F-B482-3FC63D3705BD}.Debug|Any CPU.Build.0 = Debug|Any CPU
		{9654DC46-76A9-444F-B482-3FC63D3705BD}.Release|Any CPU.ActiveCfg = Release|Any CPU
		{9654DC46-76A9-444F-B482-3FC63D3705BD}.Release|Any CPU.Build.0 = Release|Any CPU
	EndGlobalSection
	GlobalSection(SolutionProperties) = preSolution
		HideSolutionNode = FALSE
	EndGlobalSection
	GlobalSection(ExtensibilityGlobals) = postSolution
		SolutionGuid = {AACE08B0-8992-43BC-B321-84A036DF5938}
	EndGlobalSection
EndGlobal
