
Microsoft Visual Studio Solution File, Format Version 12.00
# Visual Studio Version 17
VisualStudioVersion = 17.3.32922.545
MinimumVisualStudioVersion = 10.0.40219.1
Project("{FAE04EC0-301F-11D3-BF4B-00C04F79EFBC}") = "IndexerExample", "IndexerExample\IndexerExample.csproj", "{6E1AEA37-0A2B-43E2-A991-5D437898D746}"
EndProject
Project("{FAE04EC0-301F-11D3-BF4B-00C04F79EFBC}") = "ClassLibrary1", "ClassLibrary1\ClassLibrary1.csproj", "{B1A68016-9F70-486E-9F6C-A123106F8465}"
EndProject
Global
	GlobalSection(SolutionConfigurationPlatforms) = preSolution
		Debug|Any CPU = Debug|Any CPU
		Release|Any CPU = Release|Any CPU
	EndGlobalSection
	GlobalSection(ProjectConfigurationPlatforms) = postSolution
		{6E1AEA37-0A2B-43E2-A991-5D437898D746}.Debug|Any CPU.ActiveCfg = Debug|Any CPU
		{6E1AEA37-0A2B-43E2-A991-5D437898D746}.Debug|Any CPU.Build.0 = Debug|Any CPU
		{6E1AEA37-0A2B-43E2-A991-5D437898D746}.Release|Any CPU.ActiveCfg = Release|Any CPU
		{6E1AEA37-0A2B-43E2-A991-5D437898D746}.Release|Any CPU.Build.0 = Release|Any CPU
		{B1A68016-9F70-486E-9F6C-A123106F8465}.Debug|Any CPU.ActiveCfg = Debug|Any CPU
		{B1A68016-9F70-486E-9F6C-A123106F8465}.Debug|Any CPU.Build.0 = Debug|Any CPU
		{B1A68016-9F70-486E-9F6C-A123106F8465}.Release|Any CPU.ActiveCfg = Release|Any CPU
		{B1A68016-9F70-486E-9F6C-A123106F8465}.Release|Any CPU.Build.0 = Release|Any CPU
	EndGlobalSection
	GlobalSection(SolutionProperties) = preSolution
		HideSolutionNode = FALSE
	EndGlobalSection
	GlobalSection(ExtensibilityGlobals) = postSolution
		SolutionGuid = {2859F802-57A5-4171-9E98-0F52C34890B9}
	EndGlobalSection
EndGlobal
