
Microsoft Visual Studio Solution File, Format Version 12.00
# Visual Studio Version 17
VisualStudioVersion = 17.3.32922.545
MinimumVisualStudioVersion = 10.0.40219.1
Project("{FAE04EC0-301F-11D3-BF4B-00C04F79EFBC}") = "BaseKeywordInheritance", "BaseKeywordInheritance\BaseKeywordInheritance.csproj", "{8B240327-D520-40A5-BF32-ACF9ACE26C6F}"
EndProject
Global
	GlobalSection(SolutionConfigurationPlatforms) = preSolution
		Debug|Any CPU = Debug|Any CPU
		Release|Any CPU = Release|Any CPU
	EndGlobalSection
	GlobalSection(ProjectConfigurationPlatforms) = postSolution
		{8B240327-D520-40A5-BF32-ACF9ACE26C6F}.Debug|Any CPU.ActiveCfg = Debug|Any CPU
		{8B240327-D520-40A5-BF32-ACF9ACE26C6F}.Debug|Any CPU.Build.0 = Debug|Any CPU
		{8B240327-D520-40A5-BF32-ACF9ACE26C6F}.Release|Any CPU.ActiveCfg = Release|Any CPU
		{8B240327-D520-40A5-BF32-ACF9ACE26C6F}.Release|Any CPU.Build.0 = Release|Any CPU
	EndGlobalSection
	GlobalSection(SolutionProperties) = preSolution
		HideSolutionNode = FALSE
	EndGlobalSection
	GlobalSection(ExtensibilityGlobals) = postSolution
		SolutionGuid = {3571E04A-8B6B-4845-8997-0101DB6EB53E}
	EndGlobalSection
EndGlobal
