
Microsoft Visual Studio Solution File, Format Version 12.00
# Visual Studio Version 17
VisualStudioVersion = 17.3.32922.545
MinimumVisualStudioVersion = 10.0.40219.1
Project("{FAE04EC0-301F-11D3-BF4B-00C04F79EFBC}") = "ImportingNamespaces", "ImportingNamespaces\ImportingNamespaces.csproj", "{2DF6AA49-3FFF-443C-8F37-38F9B64DD57E}"
EndProject
Global
	GlobalSection(SolutionConfigurationPlatforms) = preSolution
		Debug|Any CPU = Debug|Any CPU
		Release|Any CPU = Release|Any CPU
	EndGlobalSection
	GlobalSection(ProjectConfigurationPlatforms) = postSolution
		{2DF6AA49-3FFF-443C-8F37-38F9B64DD57E}.Debug|Any CPU.ActiveCfg = Debug|Any CPU
		{2DF6AA49-3FFF-443C-8F37-38F9B64DD57E}.Debug|Any CPU.Build.0 = Debug|Any CPU
		{2DF6AA49-3FFF-443C-8F37-38F9B64DD57E}.Release|Any CPU.ActiveCfg = Release|Any CPU
		{2DF6AA49-3FFF-443C-8F37-38F9B64DD57E}.Release|Any CPU.Build.0 = Release|Any CPU
	EndGlobalSection
	GlobalSection(SolutionProperties) = preSolution
		HideSolutionNode = FALSE
	EndGlobalSection
	GlobalSection(ExtensibilityGlobals) = postSolution
		SolutionGuid = {F4616481-131C-4E2D-9973-DD3FD3A897AF}
	EndGlobalSection
EndGlobal
