
Microsoft Visual Studio Solution File, Format Version 12.00
# Visual Studio Version 17
VisualStudioVersion = 17.3.32922.545
MinimumVisualStudioVersion = 10.0.40219.1
Project("{FAE04EC0-301F-11D3-BF4B-00C04F79EFBC}") = "AbstractClasses", "AbstractClasses\AbstractClasses.csproj", "{FDEF85A7-0663-4C87-8FC5-6CFA0C3C4816}"
EndProject
Global
	GlobalSection(SolutionConfigurationPlatforms) = preSolution
		Debug|Any CPU = Debug|Any CPU
		Release|Any CPU = Release|Any CPU
	EndGlobalSection
	GlobalSection(ProjectConfigurationPlatforms) = postSolution
		{FDEF85A7-0663-4C87-8FC5-6CFA0C3C4816}.Debug|Any CPU.ActiveCfg = Debug|Any CPU
		{FDEF85A7-0663-4C87-8FC5-6CFA0C3C4816}.Debug|Any CPU.Build.0 = Debug|Any CPU
		{FDEF85A7-0663-4C87-8FC5-6CFA0C3C4816}.Release|Any CPU.ActiveCfg = Release|Any CPU
		{FDEF85A7-0663-4C87-8FC5-6CFA0C3C4816}.Release|Any CPU.Build.0 = Release|Any CPU
	EndGlobalSection
	GlobalSection(SolutionProperties) = preSolution
		HideSolutionNode = FALSE
	EndGlobalSection
	GlobalSection(ExtensibilityGlobals) = postSolution
		SolutionGuid = {57E9EB83-3DEB-434F-9F37-6797AC0C1B64}
	EndGlobalSection
EndGlobal
