
Microsoft Visual Studio Solution File, Format Version 12.00
# Visual Studio Version 17
VisualStudioVersion = 17.3.32922.545
MinimumVisualStudioVersion = 10.0.40219.1
Project("{FAE04EC0-301F-11D3-BF4B-00C04F79EFBC}") = "NullableTypesExample", "NullableTypesExample\NullableTypesExample.csproj", "{555AE352-624F-4762-B656-0E7C4E097A52}"
EndProject
Global
	GlobalSection(SolutionConfigurationPlatforms) = preSolution
		Debug|Any CPU = Debug|Any CPU
		Release|Any CPU = Release|Any CPU
	EndGlobalSection
	GlobalSection(ProjectConfigurationPlatforms) = postSolution
		{555AE352-624F-4762-B656-0E7C4E097A52}.Debug|Any CPU.ActiveCfg = Debug|Any CPU
		{555AE352-624F-4762-B656-0E7C4E097A52}.Debug|Any CPU.Build.0 = Debug|Any CPU
		{555AE352-624F-4762-B656-0E7C4E097A52}.Release|Any CPU.ActiveCfg = Release|Any CPU
		{555AE352-624F-4762-B656-0E7C4E097A52}.Release|Any CPU.Build.0 = Release|Any CPU
	EndGlobalSection
	GlobalSection(SolutionProperties) = preSolution
		HideSolutionNode = FALSE
	EndGlobalSection
	GlobalSection(ExtensibilityGlobals) = postSolution
		SolutionGuid = {5EA4C38D-2154-4C4E-A9D0-A6AD75D9D0C0}
	EndGlobalSection
EndGlobal
