
Microsoft Visual Studio Solution File, Format Version 12.00
# Visual Studio Version 17
VisualStudioVersion = 17.3.32922.545
MinimumVisualStudioVersion = 10.0.40219.1
Project("{FAE04EC0-301F-11D3-BF4B-00C04F79EFBC}") = "OrderByExample", "OrderByExample\OrderByExample.csproj", "{B0A90CAD-CD43-4924-8D27-AE189E87E6AF}"
EndProject
Global
	GlobalSection(SolutionConfigurationPlatforms) = preSolution
		Debug|Any CPU = Debug|Any CPU
		Release|Any CPU = Release|Any CPU
	EndGlobalSection
	GlobalSection(ProjectConfigurationPlatforms) = postSolution
		{B0A90CAD-CD43-4924-8D27-AE189E87E6AF}.Debug|Any CPU.ActiveCfg = Debug|Any CPU
		{B0A90CAD-CD43-4924-8D27-AE189E87E6AF}.Debug|Any CPU.Build.0 = Debug|Any CPU
		{B0A90CAD-CD43-4924-8D27-AE189E87E6AF}.Release|Any CPU.ActiveCfg = Release|Any CPU
		{B0A90CAD-CD43-4924-8D27-AE189E87E6AF}.Release|Any CPU.Build.0 = Release|Any CPU
	EndGlobalSection
	GlobalSection(SolutionProperties) = preSolution
		HideSolutionNode = FALSE
	EndGlobalSection
	GlobalSection(ExtensibilityGlobals) = postSolution
		SolutionGuid = {352DB8E1-D27C-4494-B927-F8C391B93980}
	EndGlobalSection
EndGlobal
